<?xml version="1.0" encoding="utf-8"?>
<Project ToolsVersion="4.0" xmlns="http://schemas.microsoft.com/developer/msbuild/2003">
  <ItemGroup>
    <Filter Include="Source Files">
      <UniqueIdentifier>{4FC737F1-C7A5-4376-A066-2A32D752A2FF}</UniqueIdentifier>
      <Extensions>cpp;c;cc;cxx;def;odl;idl;hpj;bat;asm;asmx</Extensions>
    </Filter>
    <Filter Include="Header Files">
      <UniqueIdentifier>{93995380-89BD-4b04-88EB-625FBE52EBFB}</UniqueIdentifier>
      <Extensions>h;hh;hpp;hxx;hm;inl;inc;xsd</Extensions>
    </Filter>
    <Filter Include="Resource Files">
      <UniqueIdentifier>{67DA6AB6-F800-4c08-8B7A-83BB121AAD01}</UniqueIdentifier>
      <Extensions>rc;ico;cur;bmp;dlg;rc2;rct;bin;rgs;gif;jpg;jpeg;jpe;resx;tiff;tif;png;wav;mfcribbon-ms</Extensions>
    </Filter>
    <Filter Include="Precompiled Header">
      <UniqueIdentifier>{85452ae2-bd0d-48c9-99b3-fc233df8e567}</UniqueIdentifier>
    </Filter>
    <Filter Include="GUI">
      <UniqueIdentifier>{031d50c6-c43f-4921-9a6a-e6af7a9c2d61}</UniqueIdentifier>
    </Filter>
    <Filter Include="Base Widget">
      <UniqueIdentifier>{5520f7e7-9d8f-4317-a7e2-cc5f8d1b9b51}</UniqueIdentifier>
    </Filter>
    <Filter Include="Utility">
      <UniqueIdentifier>{69d0305c-a994-4c0b-9ea5-a9878e9bb16f}</UniqueIdentifier>
    </Filter>
    <Filter Include="CityDetails">
      <UniqueIdentifier>{90e92144-db77-48ff-af5e-b62ab0757c3d}</UniqueIdentifier>
    </Filter>
    <Filter Include="RestaurantDetails">
      <UniqueIdentifier>{ba31e019-766e-4c3d-9459-bbf2f339142d}</UniqueIdentifier>
    </Filter>
  </ItemGroup>
  <ItemGroup>
    <ClCompile Include="Source.cpp">
      <Filter>Source Files</Filter>
    </ClCompile>
    <ClCompile Include="precompiled.cpp">
      <Filter>Precompiled Header</Filter>
    </ClCompile>
    <ClCompile Include="QUtil.cpp">
      <Filter>Utility</Filter>
    </ClCompile>
    <ClCompile Include="Features.cpp">
      <Filter>Source Files</Filter>
    </ClCompile>
    <ClCompile Include="City.cpp">
      <Filter>CityDetails</Filter>
    </ClCompile>
    <ClCompile Include="Restaurant.cpp">
      <Filter>RestaurantDetails</Filter>
    </ClCompile>
    <ClCompile Include="KeyWordSearch.cpp">
      <Filter>Utility</Filter>
    </ClCompile>
    <ClCompile Include="GUI.cpp">
      <Filter>GUI</Filter>
    </ClCompile>
    <ClCompile Include="GUI_moc.cpp">
      <Filter>GUI</Filter>
    </ClCompile>
  </ItemGroup>
  <ItemGroup>
    <ClInclude Include="precompiled.h">
      <Filter>Precompiled Header</Filter>
    </ClInclude>
    <ClInclude Include="QUtil.h">
      <Filter>Utility</Filter>
    </ClInclude>
    <ClInclude Include="Features.h">
      <Filter>Header Files</Filter>
    </ClInclude>
    <ClInclude Include="City.h">
      <Filter>CityDetails</Filter>
    </ClInclude>
    <ClInclude Include="Restaurant.h">
      <Filter>RestaurantDetails</Filter>
    </ClInclude>
    <ClInclude Include="KeyWordSearch.h">
      <Filter>Utility</Filter>
    </ClInclude>
    <ClInclude Include="GUI.h">
      <Filter>GUI</Filter>
    </ClInclude>
  </ItemGroup>
</Project>